// !$*UTF8*$!
{
	archiveVersion = 1;
	classes = {
	};
	objectVersion = 56;
	objects = {

/* Begin PBXBuildFile section */
		B42E27172BA86D21004EBB3C /* AddNoteButton.swift in Sources */ = {isa = PBXBuildFile; fileRef = B42E27162BA86D21004EBB3C /* AddNoteButton.swift */; };
		B42E271C2BA86FC8004EBB3C /* String+EXT.swift in Sources */ = {isa = PBXBuildFile; fileRef = B42E271B2BA86FC8004EBB3C /* String+EXT.swift */; };
		B42E271F2BA870E4004EBB3C /* Category.swift in Sources */ = {isa = PBXBuildFile; fileRef = B42E271E2BA870E4004EBB3C /* Category.swift */; };
		B4A41BC32BA08F69008BE234 /* HeaderSection.swift in Sources */ = {isa = PBXBuildFile; fileRef = B4A41BC22BA08F69008BE234 /* HeaderSection.swift */; };
		B4A41BC62BA09237008BE234 /* HeaderStyle.swift in Sources */ = {isa = PBXBuildFile; fileRef = B4A41BC52BA09237008BE234 /* HeaderStyle.swift */; };
		B4A993AC2BA1DAFA00C7847B /* AddNote.swift in Sources */ = {isa = PBXBuildFile; fileRef = B4A993AB2BA1DAFA00C7847B /* AddNote.swift */; };
		B4F8F9F42B95FFDF00A3736B /* BabyNotesApp.swift in Sources */ = {isa = PBXBuildFile; fileRef = B4F8F9F32B95FFDF00A3736B /* BabyNotesApp.swift */; };
		B4F8F9F62B95FFDF00A3736B /* HomeNote.swift in Sources */ = {isa = PBXBuildFile; fileRef = B4F8F9F52B95FFDF00A3736B /* HomeNote.swift */; };
		B4F8F9F82B95FFE300A3736B /* Assets.xcassets in Resources */ = {isa = PBXBuildFile; fileRef = B4F8F9F72B95FFE300A3736B /* Assets.xcassets */; };
		B4F8F9FB2B95FFE300A3736B /* Preview Assets.xcassets in Resources */ = {isa = PBXBuildFile; fileRef = B4F8F9FA2B95FFE300A3736B /* Preview Assets.xcassets */; };
		B4F8FA032B96015800A3736B /* HeaderNote.swift in Sources */ = {isa = PBXBuildFile; fileRef = B4F8FA022B96015800A3736B /* HeaderNote.swift */; };
		B4F8FA052B96054900A3736B /* HeaderSearch.swift in Sources */ = {isa = PBXBuildFile; fileRef = B4F8FA042B96054900A3736B /* HeaderSearch.swift */; };
		B4F8FA072B9613EF00A3736B /* HeaderInfos.swift in Sources */ = {isa = PBXBuildFile; fileRef = B4F8FA062B9613EF00A3736B /* HeaderInfos.swift */; };
/* End PBXBuildFile section */

/* Begin PBXFileReference section */
		B42E27162BA86D21004EBB3C /* AddNoteButton.swift */ = {isa = PBXFileReference; lastKnownFileType = sourcecode.swift; path = AddNoteButton.swift; sourceTree = "<group>"; };
		B42E271B2BA86FC8004EBB3C /* String+EXT.swift */ = {isa = PBXFileReference; lastKnownFileType = sourcecode.swift; path = "String+EXT.swift"; sourceTree = "<group>"; };
		B42E271E2BA870E4004EBB3C /* Category.swift */ = {isa = PBXFileReference; lastKnownFileType = sourcecode.swift; path = Category.swift; sourceTree = "<group>"; };
		B4A41BC22BA08F69008BE234 /* HeaderSection.swift */ = {isa = PBXFileReference; lastKnownFileType = sourcecode.swift; path = HeaderSection.swift; sourceTree = "<group>"; };
		B4A41BC52BA09237008BE234 /* HeaderStyle.swift */ = {isa = PBXFileReference; lastKnownFileType = sourcecode.swift; path = HeaderStyle.swift; sourceTree = "<group>"; };
		B4A993AB2BA1DAFA00C7847B /* AddNote.swift */ = {isa = PBXFileReference; lastKnownFileType = sourcecode.swift; path = AddNote.swift; sourceTree = "<group>"; };
		B4F8F9F02B95FFDF00A3736B /* BabyNotes.app */ = {isa = PBXFileReference; explicitFileType = wrapper.application; includeInIndex = 0; path = BabyNotes.app; sourceTree = BUILT_PRODUCTS_DIR; };
		B4F8F9F32B95FFDF00A3736B /* BabyNotesApp.swift */ = {isa = PBXFileReference; lastKnownFileType = sourcecode.swift; path = BabyNotesApp.swift; sourceTree = "<group>"; };
		B4F8F9F52B95FFDF00A3736B /* HomeNote.swift */ = {isa = PBXFileReference; lastKnownFileType = sourcecode.swift; path = HomeNote.swift; sourceTree = "<group>"; };
		B4F8F9F72B95FFE300A3736B /* Assets.xcassets */ = {isa = PBXFileReference; lastKnownFileType = folder.assetcatalog; path = Assets.xcassets; sourceTree = "<group>"; };
		B4F8F9FA2B95FFE300A3736B /* Preview Assets.xcassets */ = {isa = PBXFileReference; lastKnownFileType = folder.assetcatalog; path = "Preview Assets.xcassets"; sourceTree = "<group>"; };
		B4F8FA022B96015800A3736B /* HeaderNote.swift */ = {isa = PBXFileReference; lastKnownFileType = sourcecode.swift; path = HeaderNote.swift; sourceTree = "<group>"; };
		B4F8FA042B96054900A3736B /* HeaderSearch.swift */ = {isa = PBXFileReference; lastKnownFileType = sourcecode.swift; path = HeaderSearch.swift; sourceTree = "<group>"; };
		B4F8FA062B9613EF00A3736B /* HeaderInfos.swift */ = {isa = PBXFileReference; lastKnownFileType = sourcecode.swift; path = HeaderInfos.swift; sourceTree = "<group>"; };
/* End PBXFileReference section */

/* Begin PBXFrameworksBuildPhase section */
		B4F8F9ED2B95FFDF00A3736B /* Frameworks */ = {
			isa = PBXFrameworksBuildPhase;
			buildActionMask = 2147483647;
			files = (
			);
			runOnlyForDeploymentPostprocessing = 0;
		};
/* End PBXFrameworksBuildPhase section */

/* Begin PBXGroup section */
		B42E27182BA86D62004EBB3C /* Core */ = {
			isa = PBXGroup;
			children = (
				B42E27192BA86D6B004EBB3C /* Views */,
				B42E271D2BA870BE004EBB3C /* Model */,
			);
			path = Core;
			sourceTree = "<group>";
		};
		B42E27192BA86D6B004EBB3C /* Views */ = {
			isa = PBXGroup;
			children = (
				B42E27162BA86D21004EBB3C /* AddNoteButton.swift */,
			);
			path = Views;
			sourceTree = "<group>";
		};
		B42E271A2BA86FBA004EBB3C /* Extensions */ = {
			isa = PBXGroup;
			children = (
				B42E271B2BA86FC8004EBB3C /* String+EXT.swift */,
			);
			path = Extensions;
			sourceTree = "<group>";
		};
		B42E271D2BA870BE004EBB3C /* Model */ = {
			isa = PBXGroup;
			children = (
				B42E271E2BA870E4004EBB3C /* Category.swift */,
			);
			path = Model;
			sourceTree = "<group>";
		};
		B4A41BC42BA09229008BE234 /* Model */ = {
			isa = PBXGroup;
			children = (
				B4A41BC52BA09237008BE234 /* HeaderStyle.swift */,
			);
			path = Model;
			sourceTree = "<group>";
		};
		B4A993A82BA1DA8500C7847B /* Views */ = {
			isa = PBXGroup;
			children = (
				B4F8F9F52B95FFDF00A3736B /* HomeNote.swift */,
				B4F8FA022B96015800A3736B /* HeaderNote.swift */,
				B4F8FA062B9613EF00A3736B /* HeaderInfos.swift */,
				B4F8FA042B96054900A3736B /* HeaderSearch.swift */,
				B4A41BC22BA08F69008BE234 /* HeaderSection.swift */,
			);
			path = Views;
			sourceTree = "<group>";
		};
		B4A993A92BA1DACD00C7847B /* Add */ = {
			isa = PBXGroup;
			children = (
				B4A993AA2BA1DAE200C7847B /* Views */,
			);
			path = Add;
			sourceTree = "<group>";
		};
		B4A993AA2BA1DAE200C7847B /* Views */ = {
			isa = PBXGroup;
			children = (
				B4A993AB2BA1DAFA00C7847B /* AddNote.swift */,
			);
			path = Views;
			sourceTree = "<group>";
		};
		B4F8F9E72B95FFDF00A3736B = {
			isa = PBXGroup;
			children = (
				B4F8F9F22B95FFDF00A3736B /* BabyNotes */,
				B4F8F9F12B95FFDF00A3736B /* Products */,
			);
			sourceTree = "<group>";
		};
		B4F8F9F12B95FFDF00A3736B /* Products */ = {
			isa = PBXGroup;
			children = (
				B4F8F9F02B95FFDF00A3736B /* BabyNotes.app */,
			);
			name = Products;
			sourceTree = "<group>";
		};
		B4F8F9F22B95FFDF00A3736B /* BabyNotes */ = {
			isa = PBXGroup;
			children = (
				B4F8F9F32B95FFDF00A3736B /* BabyNotesApp.swift */,
				B4F8FA012B96013D00A3736B /* Home */,
				B42E27182BA86D62004EBB3C /* Core */,
				B4A993A92BA1DACD00C7847B /* Add */,
				B42E271A2BA86FBA004EBB3C /* Extensions */,
				B4F8F9F72B95FFE300A3736B /* Assets.xcassets */,
				B4F8F9F92B95FFE300A3736B /* Preview Content */,
			);
			path = BabyNotes;
			sourceTree = "<group>";
		};
		B4F8F9F92B95FFE300A3736B /* Preview Content */ = {
			isa = PBXGroup;
			children = (
				B4F8F9FA2B95FFE300A3736B /* Preview Assets.xcassets */,
			);
			path = "Preview Content";
			sourceTree = "<group>";
		};
		B4F8FA012B96013D00A3736B /* Home */ = {
			isa = PBXGroup;
			children = (
				B4A993A82BA1DA8500C7847B /* Views */,
				B4A41BC42BA09229008BE234 /* Model */,
			);
			path = Home;
			sourceTree = "<group>";
		};
/* End PBXGroup section */

/* Begin PBXNativeTarget section */
		B4F8F9EF2B95FFDF00A3736B /* BabyNotes */ = {
			isa = PBXNativeTarget;
			buildConfigurationList = B4F8F9FE2B95FFE300A3736B /* Build configuration list for PBXNativeTarget "BabyNotes" */;
			buildPhases = (
				B4F8F9EC2B95FFDF00A3736B /* Sources */,
				B4F8F9ED2B95FFDF00A3736B /* Frameworks */,
				B4F8F9EE2B95FFDF00A3736B /* Resources */,
			);
			buildRules = (
			);
			dependencies = (
			);
			name = BabyNotes;
			productName = BabyNotes;
			productReference = B4F8F9F02B95FFDF00A3736B /* BabyNotes.app */;
			productType = "com.apple.product-type.application";
		};
/* End PBXNativeTarget section */

/* Begin PBXProject section */
		B4F8F9E82B95FFDF00A3736B /* Project object */ = {
			isa = PBXProject;
			attributes = {
				BuildIndependentTargetsInParallel = 1;
				LastSwiftUpdateCheck = 1510;
				LastUpgradeCheck = 1510;
				TargetAttributes = {
					B4F8F9EF2B95FFDF00A3736B = {
						CreatedOnToolsVersion = 15.1;
					};
				};
			};
			buildConfigurationList = B4F8F9EB2B95FFDF00A3736B /* Build configuration list for PBXProject "BabyNotes" */;
			compatibilityVersion = "Xcode 14.0";
			developmentRegion = en;
			hasScannedForEncodings = 0;
			knownRegions = (
				en,
				Base,
			);
			mainGroup = B4F8F9E72B95FFDF00A3736B;
			productRefGroup = B4F8F9F12B95FFDF00A3736B /* Products */;
			projectDirPath = "";
			projectRoot = "";
			targets = (
				B4F8F9EF2B95FFDF00A3736B /* BabyNotes */,
			);
		};
/* End PBXProject section */

/* Begin PBXResourcesBuildPhase section */
		B4F8F9EE2B95FFDF00A3736B /* Resources */ = {
			isa = PBXResourcesBuildPhase;
			buildActionMask = 2147483647;
			files = (
				B4F8F9FB2B95FFE300A3736B /* Preview Assets.xcassets in Resources */,
				B4F8F9F82B95FFE300A3736B /* Assets.xcassets in Resources */,
			);
			runOnlyForDeploymentPostprocessing = 0;
		};
/* End PBXResourcesBuildPhase section */

/* Begin PBXSourcesBuildPhase section */
		B4F8F9EC2B95FFDF00A3736B /* Sources */ = {
			isa = PBXSourcesBuildPhase;
			buildActionMask = 2147483647;
			files = (
				B4A41BC62BA09237008BE234 /* HeaderStyle.swift in Sources */,
				B42E271F2BA870E4004EBB3C /* Category.swift in Sources */,
				B4F8FA052B96054900A3736B /* HeaderSearch.swift in Sources */,
				B4F8F9F62B95FFDF00A3736B /* HomeNote.swift in Sources */,
				B42E27172BA86D21004EBB3C /* AddNoteButton.swift in Sources */,
				B42E271C2BA86FC8004EBB3C /* String+EXT.swift in Sources */,
				B4A41BC32BA08F69008BE234 /* HeaderSection.swift in Sources */,
				B4F8FA032B96015800A3736B /* HeaderNote.swift in Sources */,
				B4F8F9F42B95FFDF00A3736B /* BabyNotesApp.swift in Sources */,
				B4F8FA072B9613EF00A3736B /* HeaderInfos.swift in Sources */,
				B4A993AC2BA1DAFA00C7847B /* AddNote.swift in Sources */,
			);
			runOnlyForDeploymentPostprocessing = 0;
		};
/* End PBXSourcesBuildPhase section */

/* Begin XCBuildConfiguration section */
		B4F8F9FC2B95FFE300A3736B /* Debug */ = {
			isa = XCBuildConfiguration;
			buildSettings = {
				ALWAYS_SEARCH_USER_PATHS = NO;
				ASSETCATALOG_COMPILER_GENERATE_SWIFT_ASSET_SYMBOL_EXTENSIONS = YES;
				CLANG_ANALYZER_NONNULL = YES;
				CLANG_ANALYZER_NUMBER_OBJECT_CONVERSION = YES_AGGRESSIVE;
				CLANG_CXX_LANGUAGE_STANDARD = "gnu++20";
				CLANG_ENABLE_MODULES = YES;
				CLANG_ENABLE_OBJC_ARC = YES;
				CLANG_ENABLE_OBJC_WEAK = YES;
				CLANG_WARN_BLOCK_CAPTURE_AUTORELEASING = YES;
				CLANG_WARN_BOOL_CONVERSION = YES;
				CLANG_WARN_COMMA = YES;
				CLANG_WARN_CONSTANT_CONVERSION = YES;
				CLANG_WARN_DEPRECATED_OBJC_IMPLEMENTATIONS = YES;
				CLANG_WARN_DIRECT_OBJC_ISA_USAGE = YES_ERROR;
				CLANG_WARN_DOCUMENTATION_COMMENTS = YES;
				CLANG_WARN_EMPTY_BODY = YES;
				CLANG_WARN_ENUM_CONVERSION = YES;
				CLANG_WARN_INFINITE_RECURSION = YES;
				CLANG_WARN_INT_CONVERSION = YES;
				CLANG_WARN_NON_LITERAL_NULL_CONVERSION = YES;
				CLANG_WARN_OBJC_IMPLICIT_RETAIN_SELF = YES;
				CLANG_WARN_OBJC_LITERAL_CONVERSION = YES;
				CLANG_WARN_OBJC_ROOT_CLASS = YES_ERROR;
				CLANG_WARN_QUOTED_INCLUDE_IN_FRAMEWORK_HEADER = YES;
				CLANG_WARN_RANGE_LOOP_ANALYSIS = YES;
				CLANG_WARN_STRICT_PROTOTYPES = YES;
				CLANG_WARN_SUSPICIOUS_MOVE = YES;
				CLANG_WARN_UNGUARDED_AVAILABILITY = YES_AGGRESSIVE;
				CLANG_WARN_UNREACHABLE_CODE = YES;
				CLANG_WARN__DUPLICATE_METHOD_MATCH = YES;
				COPY_PHASE_STRIP = NO;
				DEBUG_INFORMATION_FORMAT = dwarf;
				ENABLE_STRICT_OBJC_MSGSEND = YES;
				ENABLE_TESTABILITY = YES;
				ENABLE_USER_SCRIPT_SANDBOXING = YES;
				GCC_C_LANGUAGE_STANDARD = gnu17;
				GCC_DYNAMIC_NO_PIC = NO;
				GCC_NO_COMMON_BLOCKS = YES;
				GCC_OPTIMIZATION_LEVEL = 0;
				GCC_PREPROCESSOR_DEFINITIONS = (
					"DEBUG=1",
					"$(inherited)",
				);
				GCC_WARN_64_TO_32_BIT_CONVERSION = YES;
				GCC_WARN_ABOUT_RETURN_TYPE = YES_ERROR;
				GCC_WARN_UNDECLARED_SELECTOR = YES;
				GCC_WARN_UNINITIALIZED_AUTOS = YES_AGGRESSIVE;
				GCC_WARN_UNUSED_FUNCTION = YES;
				GCC_WARN_UNUSED_VARIABLE = YES;
				IPHONEOS_DEPLOYMENT_TARGET = 17.2;
				LOCALIZATION_PREFERS_STRING_CATALOGS = YES;
				MTL_ENABLE_DEBUG_INFO = INCLUDE_SOURCE;
				MTL_FAST_MATH = YES;
				ONLY_ACTIVE_ARCH = YES;
				SDKROOT = iphoneos;
				SWIFT_ACTIVE_COMPILATION_CONDITIONS = "DEBUG $(inherited)";
				SWIFT_OPTIMIZATION_LEVEL = "-Onone";
			};
			name = Debug;
		};
		B4F8F9FD2B95FFE300A3736B /* Release */ = {
			isa = XCBuildConfiguration;
			buildSettings = {
				ALWAYS_SEARCH_USER_PATHS = NO;
				ASSETCATALOG_COMPILER_GENERATE_SWIFT_ASSET_SYMBOL_EXTENSIONS = YES;
				CLANG_ANALYZER_NONNULL = YES;
				CLANG_ANALYZER_NUMBER_OBJECT_CONVERSION = YES_AGGRESSIVE;
				CLANG_CXX_LANGUAGE_STANDARD = "gnu++20";
				CLANG_ENABLE_MODULES = YES;
				CLANG_ENABLE_OBJC_ARC = YES;
				CLANG_ENABLE_OBJC_WEAK = YES;
				CLANG_WARN_BLOCK_CAPTURE_AUTORELEASING = YES;
				CLANG_WARN_BOOL_CONVERSION = YES;
				CLANG_WARN_COMMA = YES;
				CLANG_WARN_CONSTANT_CONVERSION = YES;
				CLANG_WARN_DEPRECATED_OBJC_IMPLEMENTATIONS = YES;
				CLANG_WARN_DIRECT_OBJC_ISA_USAGE = YES_ERROR;
				CLANG_WARN_DOCUMENTATION_COMMENTS = YES;
				CLANG_WARN_EMPTY_BODY = YES;
				CLANG_WARN_ENUM_CONVERSION = YES;
				CLANG_WARN_INFINITE_RECURSION = YES;
				CLANG_WARN_INT_CONVERSION = YES;
				CLANG_WARN_NON_LITERAL_NULL_CONVERSION = YES;
				CLANG_WARN_OBJC_IMPLICIT_RETAIN_SELF = YES;
				CLANG_WARN_OBJC_LITERAL_CONVERSION = YES;
				CLANG_WARN_OBJC_ROOT_CLASS = YES_ERROR;
				CLANG_WARN_QUOTED_INCLUDE_IN_FRAMEWORK_HEADER = YES;
				CLANG_WARN_RANGE_LOOP_ANALYSIS = YES;
				CLANG_WARN_STRICT_PROTOTYPES = YES;
				CLANG_WARN_SUSPICIOUS_MOVE = YES;
				CLANG_WARN_UNGUARDED_AVAILABILITY = YES_AGGRESSIVE;
				CLANG_WARN_UNREACHABLE_CODE = YES;
				CLANG_WARN__DUPLICATE_METHOD_MATCH = YES;
				COPY_PHASE_STRIP = NO;
				DEBUG_INFORMATION_FORMAT = "dwarf-with-dsym";
				ENABLE_NS_ASSERTIONS = NO;
				ENABLE_STRICT_OBJC_MSGSEND = YES;
				ENABLE_USER_SCRIPT_SANDBOXING = YES;
				GCC_C_LANGUAGE_STANDARD = gnu17;
				GCC_NO_COMMON_BLOCKS = YES;
				GCC_WARN_64_TO_32_BIT_CONVERSION = YES;
				GCC_WARN_ABOUT_RETURN_TYPE = YES_ERROR;
				GCC_WARN_UNDECLARED_SELECTOR = YES;
				GCC_WARN_UNINITIALIZED_AUTOS = YES_AGGRESSIVE;
				GCC_WARN_UNUSED_FUNCTION = YES;
				GCC_WARN_UNUSED_VARIABLE = YES;
				IPHONEOS_DEPLOYMENT_TARGET = 17.2;
				LOCALIZATION_PREFERS_STRING_CATALOGS = YES;
				MTL_ENABLE_DEBUG_INFO = NO;
				MTL_FAST_MATH = YES;
				SDKROOT = iphoneos;
				SWIFT_COMPILATION_MODE = wholemodule;
				VALIDATE_PRODUCT = YES;
			};
			name = Release;
		};
		B4F8F9FF2B95FFE300A3736B /* Debug */ = {
			isa = XCBuildConfiguration;
			buildSettings = {
				ASSETCATALOG_COMPILER_APPICON_NAME = AppIcon;
				ASSETCATALOG_COMPILER_GLOBAL_ACCENT_COLOR_NAME = AccentColor;
				CODE_SIGN_STYLE = Automatic;
				CURRENT_PROJECT_VERSION = 1;
				DEVELOPMENT_ASSET_PATHS = "\"BabyNotes/Preview Content\"";
				DEVELOPMENT_TEAM = FH5JG87Y74;
				ENABLE_PREVIEWS = YES;
				GENERATE_INFOPLIST_FILE = YES;
				INFOPLIST_KEY_UIApplicationSceneManifest_Generation = YES;
				INFOPLIST_KEY_UIApplicationSupportsIndirectInputEvents = YES;
				INFOPLIST_KEY_UILaunchScreen_Generation = YES;
				INFOPLIST_KEY_UISupportedInterfaceOrientations_iPad = "UIInterfaceOrientationPortrait UIInterfaceOrientationPortraitUpsideDown UIInterfaceOrientationLandscapeLeft UIInterfaceOrientationLandscapeRight";
				INFOPLIST_KEY_UISupportedInterfaceOrientations_iPhone = "UIInterfaceOrientationPortrait UIInterfaceOrientationLandscapeLeft UIInterfaceOrientationLandscapeRight";
				LD_RUNPATH_SEARCH_PATHS = (
					"$(inherited)",
					"@executable_path/Frameworks",
				);
				MARKETING_VERSION = 1.0;
				PRODUCT_BUNDLE_IDENTIFIER = com.personal.app.BabyNotes;
				PRODUCT_NAME = "$(TARGET_NAME)";
				SWIFT_EMIT_LOC_STRINGS = YES;
				SWIFT_VERSION = 5.0;
				TARGETED_DEVICE_FAMILY = "1,2";
			};
			name = Debug;
		};
		B4F8FA002B95FFE300A3736B /* Release */ = {
			isa = XCBuildConfiguration;
			buildSettings = {
				ASSETCATALOG_COMPILER_APPICON_NAME = AppIcon;
				ASSETCATALOG_COMPILER_GLOBAL_ACCENT_COLOR_NAME = AccentColor;
				CODE_SIGN_STYLE = Automatic;
				CURRENT_PROJECT_VERSION = 1;
				DEVELOPMENT_ASSET_PATHS = "\"BabyNotes/Preview Content\"";
				DEVELOPMENT_TEAM = FH5JG87Y74;
				ENABLE_PREVIEWS = YES;
				GENERATE_INFOPLIST_FILE = YES;
				INFOPLIST_KEY_UIApplicationSceneManifest_Generation = YES;
				INFOPLIST_KEY_UIApplicationSupportsIndirectInputEvents = YES;
				INFOPLIST_KEY_UILaunchScreen_Generation = YES;
				INFOPLIST_KEY_UISupportedInterfaceOrientations_iPad = "UIInterfaceOrientationPortrait UIInterfaceOrientationPortraitUpsideDown UIInterfaceOrientationLandscapeLeft UIInterfaceOrientationLandscapeRight";
				INFOPLIST_KEY_UISupportedInterfaceOrientations_iPhone = "UIInterfaceOrientationPortrait UIInterfaceOrientationLandscapeLeft UIInterfaceOrientationLandscapeRight";
				LD_RUNPATH_SEARCH_PATHS = (
					"$(inherited)",
					"@executable_path/Frameworks",
				);
				MARKETING_VERSION = 1.0;
				PRODUCT_BUNDLE_IDENTIFIER = com.personal.app.BabyNotes;
				PRODUCT_NAME = "$(TARGET_NAME)";
				SWIFT_EMIT_LOC_STRINGS = YES;
				SWIFT_VERSION = 5.0;
				TARGETED_DEVICE_FAMILY = "1,2";
			};
			name = Release;
		};
/* End XCBuildConfiguration section */

/* Begin XCConfigurationList section */
		B4F8F9EB2B95FFDF00A3736B /* Build configuration list for PBXProject "BabyNotes" */ = {
			isa = XCConfigurationList;
			buildConfigurations = (
				B4F8F9FC2B95FFE300A3736B /* Debug */,
				B4F8F9FD2B95FFE300A3736B /* Release */,
			);
			defaultConfigurationIsVisible = 0;
			defaultConfigurationName = Release;
		};
		B4F8F9FE2B95FFE300A3736B /* Build configuration list for PBXNativeTarget "BabyNotes" */ = {
			isa = XCConfigurationList;
			buildConfigurations = (
				B4F8F9FF2B95FFE300A3736B /* Debug */,
				B4F8FA002B95FFE300A3736B /* Release */,
			);
			defaultConfigurationIsVisible = 0;
			defaultConfigurationName = Release;
		};
/* End XCConfigurationList section */
	};
	rootObject = B4F8F9E82B95FFDF00A3736B /* Project object */;
}
